# This file is automatically @generated by Poetry 2.4.1 and should not be changed by hand.

[[package]]
name = "windows-curses"
version = "2.4.2"
description = "Support for the standard curses module on Windows"
optional = false
python-versions = "*"
groups = ["main"]
markers = "sys_platform == \"win32\""
files = [
    {file = "windows_curses-2.4.2-cp310-cp310-win32.whl", hash = "sha256:fb55b40df1dd8633f431307f204293ca2a0b4f928927490509f1bf68beef3cfe"},
    {file = "windows_curses-2.4.2-cp310-cp310-win_amd64.whl", hash = "sha256:0ff2a0884cb78d48e15eea1e274f73c1f5a780a4b872357724c17b39de75c996"},
    {file = "windows_curses-2.4.2-cp311-cp311-win32.whl", hash = "sha256:ecf7af9c97002af661d3e47b9c5eb31cdb7629a032adcdab46530efea8ba1864"},
    {file = "windows_curses-2.4.2-cp311-cp311-win_amd64.whl", hash = "sha256:03c4ef0095ab8212ed964236d51b4d8c815f302c5a7de94831dae468f05ce333"},
    {file = "windows_curses-2.4.2-cp312-cp312-win32.whl", hash = "sha256:7ec4629685add716d494e8fbdd0b83485de726e9deeda57d30e742c77a32a156"},
    {file = "windows_curses-2.4.2-cp312-cp312-win_amd64.whl", hash = "sha256:df782859176f9e8142618e4966d6cee7a53a8b1c819faeb6e606a60fa4f8972a"},
    {file = "windows_curses-2.4.2-cp313-cp313-win32.whl", hash = "sha256:248bf3f1d973e92ca193b1ea8a626ec7f81a66be6f6d6c5e31ff82056453678d"},
    {file = "windows_curses-2.4.2-cp313-cp313-win_amd64.whl", hash = "sha256:1bf3d0c902374b6c430a954adcb686a5ecd7a31fc4195d31136385b5c1bea925"},
    {file = "windows_curses-2.4.2-cp314-cp314-win32.whl", hash = "sha256:a970bf067b3126251423b4da051ef8c1c77acf6294ec96a7d6de7f6b9e5c27a0"},
    {file = "windows_curses-2.4.2-cp314-cp314-win_amd64.whl", hash = "sha256:6c22cb0310500dfbfe54c76354e37070e300d5473596d48ac4f9c65b2d578b6f"},
    {file = "windows_curses-2.4.2-cp36-cp36m-win32.whl", hash = "sha256:aa1b97c94882ac0c0019a0dcbb9b57a3f751e166e0ed6d99230e5d77bfb7f2b5"},
    {file = "windows_curses-2.4.2-cp36-cp36m-win_amd64.whl", hash = "sha256:f03193397e20e9f86d5a661c63c01d305d63ffcefc2bca46e1881f2c06af2a38"},
    {file = "windows_curses-2.4.2-cp37-cp37m-win32.whl", hash = "sha256:6ff56a1cc6410cb7600e5af7c01178d534ca704f9bc91da433719fccbe7c26c6"},
    {file = "windows_curses-2.4.2-cp37-cp37m-win_amd64.whl", hash = "sha256:cc890992a9a554b9e39354db672bd2b74110dd5ed7df0386a9c2d2956e964130"},
    {file = "windows_curses-2.4.2-cp38-cp38-win32.whl", hash = "sha256:3a2ece436fa601d71c82f02aa5cf829692ebf77075c64d94af5dfd4a13f31166"},
    {file = "windows_curses-2.4.2-cp38-cp38-win_amd64.whl", hash = "sha256:e716deaff73bbc7336769bdbf2c2b1c4f9ed0743ed6686927af134e7e6f3a699"},
    {file = "windows_curses-2.4.2-cp39-cp39-win32.whl", hash = "sha256:45b1a9cb17712f78ab4a6e9456bd46df35f96f880c1e814f8e0c6b4511a7e89c"},
    {file = "windows_curses-2.4.2-cp39-cp39-win_amd64.whl", hash = "sha256:9de1714af3effdffb3a048dff691c1c1d36c289b8f765c96f148a3dcb9f5984c"},
]

[metadata]
lock-version = "2.1"
python-versions = ">=3.9"
content-hash = "586491d2a9d29fe34d98e2f81973521912386dbfaeaa60332fb2321fc789c8ec"
